# This file is automatically @generated by Cargo.
# It is not intended for manual editing.
version = 4

[[package]]
name = "builtins-test-intrinsics"
version = "0.1.0"
dependencies = [
 "compiler_builtins",
 "panic-handler",
 "test",
 "utest-cortex-m-qemu",
 "utest-macros",
]

[[package]]
name = "cc"
version = "1.6.0"
source = "registry+https://github.com/rust-lang/crates.io-index"
checksum = "f74872d07caf508b30a21f6836e7d7016a2eaf7d9ff4f48deaa58cd8a0407630"
dependencies = [
 "find-msvc-tools",
 "shlex",
]

[[package]]
name = "compiler_builtins"
version = "0.1.160"
dependencies = [
 "cc",
]

[[package]]
name = "find-msvc-tools"
version = "0.1.14"
source = "registry+https://github.com/rust-lang/crates.io-index"
checksum = "aedcfb3409746eddb02b9e19ebda1c3394f759a152e48ee875a0844d1b955484"

[[package]]
name = "panic-handler"
version = "0.1.0"

[[package]]
name = "sc"
version = "0.2.7"
source = "registry+https://github.com/rust-lang/crates.io-index"
checksum = "010e18bd3bfd1d45a7e666b236c78720df0d9a7698ebaa9c1c559961eb60a38b"

[[package]]
name = "shlex"
version = "2.0.1"
source = "registry+https://github.com/rust-lang/crates.io-index"
checksum = "f8fadd59c855ef2080decdef8ff161eb6661b86933c9d82e5ba29dc602a55aba"

[[package]]
name = "test"
version = "0.1.0"
source = "git+https://github.com/japaric/utest#e32073e2b078e3bee46001c13ae4c1acf368d762"

[[package]]
name = "utest-cortex-m-qemu"
version = "0.1.0"
source = "git+https://github.com/japaric/utest#e32073e2b078e3bee46001c13ae4c1acf368d762"
dependencies = [
 "sc",
]

[[package]]
name = "utest-macros"
version = "0.1.0"
source = "git+https://github.com/japaric/utest#e32073e2b078e3bee46001c13ae4c1acf368d762"
